
Microsoft Visual Studio Solution File, Format Version 12.00
# Visual Studio Version 16
VisualStudioVersion = 16.0.29806.167
MinimumVisualStudioVersion = 10.0.40219.1
Project("{FAE04EC0-301F-11D3-BF4B-00C04F79EFBC}") = "KodVPN", "KodVPN\KodVPN.csproj", "{A5A2B8D1-5298-440C-BCEA-9F802D87B57A}"
EndProject
Global
	GlobalSection(SolutionConfigurationPlatforms) = preSolution
		Debug|Any CPU = Debug|Any CPU
		Release|Any CPU = Release|Any CPU
	EndGlobalSection
	GlobalSection(ProjectConfigurationPlatforms) = postSolution
		{A5A2B8D1-5298-440C-BCEA-9F802D87B57A}.Debug|Any CPU.ActiveCfg = Debug|Any CPU
		{A5A2B8D1-5298-440C-BCEA-9F802D87B57A}.Debug|Any CPU.Build.0 = Debug|Any CPU
		{A5A2B8D1-5298-440C-BCEA-9F802D87B57A}.Release|Any CPU.ActiveCfg = Release|Any CPU
		{A5A2B8D1-5298-440C-BCEA-9F802D87B57A}.Release|Any CPU.Build.0 = Release|Any CPU
	EndGlobalSection
	GlobalSection(SolutionProperties) = preSolution
		HideSolutionNode = FALSE
	EndGlobalSection
	GlobalSection(ExtensibilityGlobals) = postSolution
		SolutionGuid = {A076910F-769A-4E29-B1CA-248D3F71FEA8}
	EndGlobalSection
EndGlobal
